
Microsoft Visual Studio Solution File, Format Version 12.00
# Visual Studio Version 17
VisualStudioVersion = 17.13.35806.99 d17.13
MinimumVisualStudioVersion = 10.0.40219.1
Project("{FAE04EC0-301F-11D3-BF4B-00C04F79EFBC}") = "DeepDiveLibraryApi", "DeepDiveLibraryApi\DeepDiveLibraryApi.csproj", "{ED4644A7-E99D-4A4D-82F4-492559D183DA}"
EndProject
Global
	GlobalSection(SolutionConfigurationPlatforms) = preSolution
		Debug|Any CPU = Debug|Any CPU
		Release|Any CPU = Release|Any CPU
	EndGlobalSection
	GlobalSection(ProjectConfigurationPlatforms) = postSolution
		{ED4644A7-E99D-4A4D-82F4-492559D183DA}.Debug|Any CPU.ActiveCfg = Debug|Any CPU
		{ED4644A7-E99D-4A4D-82F4-492559D183DA}.Debug|Any CPU.Build.0 = Debug|Any CPU
		{ED4644A7-E99D-4A4D-82F4-492559D183DA}.Release|Any CPU.ActiveCfg = Release|Any CPU
		{ED4644A7-E99D-4A4D-82F4-492559D183DA}.Release|Any CPU.Build.0 = Release|Any CPU
	EndGlobalSection
	GlobalSection(SolutionProperties) = preSolution
		HideSolutionNode = FALSE
	EndGlobalSection
	GlobalSection(ExtensibilityGlobals) = postSolution
		SolutionGuid = {2AB98F40-333C-4068-A426-979A9D76A93A}
	EndGlobalSection
EndGlobal
